Microsoft Visual Studio Solution File, Format Version 12.00
# Visual Studio 2012
Project("{FAE04EC0-301F-11D3-BF4B-00C04F79EFBC}") = "TFWB - Pilot", "TFWB - Pilot.csproj", "{604443B6-3CC2-42A6-9C66-D88BA66A4645}"
EndProject
Global
	GlobalSection(SolutionConfigurationPlatforms) = preSolution
	Debug|Any CPU = Debug|Any CPU
	ExportDebug|Any CPU = ExportDebug|Any CPU
	ExportRelease|Any CPU = ExportRelease|Any CPU
	EndGlobalSection
	GlobalSection(ProjectConfigurationPlatforms) = postSolution
		{604443B6-3CC2-42A6-9C66-D88BA66A4645}.Debug|Any CPU.ActiveCfg = Debug|Any CPU
		{604443B6-3CC2-42A6-9C66-D88BA66A4645}.Debug|Any CPU.Build.0 = Debug|Any CPU
		{604443B6-3CC2-42A6-9C66-D88BA66A4645}.ExportDebug|Any CPU.ActiveCfg = ExportDebug|Any CPU
		{604443B6-3CC2-42A6-9C66-D88BA66A4645}.ExportDebug|Any CPU.Build.0 = ExportDebug|Any CPU
		{604443B6-3CC2-42A6-9C66-D88BA66A4645}.ExportRelease|Any CPU.ActiveCfg = ExportRelease|Any CPU
		{604443B6-3CC2-42A6-9C66-D88BA66A4645}.ExportRelease|Any CPU.Build.0 = ExportRelease|Any CPU
	EndGlobalSection
EndGlobal
